
Microsoft Visual Studio Solution File, Format Version 12.00
# Visual Studio Version 17
VisualStudioVersion = 17.10.35013.160
MinimumVisualStudioVersion = 10.0.40219.1
Project("{9A19103F-16F7-4668-BE54-9A1E7A4F7556}") = "FreeBhopEz", "ConsoleApp1\FreeBhopEz.csproj", "{290FC3B4-387F-4AC8-9882-1EA3BE302C58}"
EndProject
Global
	GlobalSection(SolutionConfigurationPlatforms) = preSolution
		Debug|Any CPU = Debug|Any CPU
		Release|Any CPU = Release|Any CPU
	EndGlobalSection
	GlobalSection(ProjectConfigurationPlatforms) = postSolution
		{290FC3B4-387F-4AC8-9882-1EA3BE302C58}.Debug|Any CPU.ActiveCfg = Debug|Any CPU
		{290FC3B4-387F-4AC8-9882-1EA3BE302C58}.Debug|Any CPU.Build.0 = Debug|Any CPU
		{290FC3B4-387F-4AC8-9882-1EA3BE302C58}.Release|Any CPU.ActiveCfg = Release|Any CPU
		{290FC3B4-387F-4AC8-9882-1EA3BE302C58}.Release|Any CPU.Build.0 = Release|Any CPU
	EndGlobalSection
	GlobalSection(SolutionProperties) = preSolution
		HideSolutionNode = FALSE
	EndGlobalSection
	GlobalSection(ExtensibilityGlobals) = postSolution
		SolutionGuid = {F31AAE37-3FE1-468C-BCAD-E3420FAE4751}
	EndGlobalSection
EndGlobal
